{
  "name": "@stenway/reliabletxt-io",
  "version": "0.0.1",
  "lockfileVersion": 2,
  "requires": true,
  "packages": {
    "": {
      "name": "@stenway/reliabletxt-io",
      "version": "0.0.1",
      "license": "MIT",
      "dependencies": {
        "@stenway/reliabletxt": "^0.0.2"
      },
      "devDependencies": {
        "@types/node": "^18.11.5",
        "typescript": "^4.8.4"
      }
    },
    "node_modules/@stenway/reliabletxt": {
      "version": "0.0.2",
      "resolved": "https://registry.npmjs.org/@stenway/reliabletxt/-/reliabletxt-0.0.2.tgz",
      "integrity": "sha512-g8LJMkFSSUnXqAXZ+DgQkZ51kCdwW9rrHK/Lc73OCc2oSUX7WO329JG4PeXM04Czb/k/bvslRxzXqI5ZBNSIng=="
    },
    "node_modules/@types/node": {
      "version": "18.11.5",
      "resolved": "https://registry.npmjs.org/@types/node/-/node-18.11.5.tgz",
      "integrity": "sha512-3JRwhbjI+cHLAkUorhf8RnqUbFXajvzX4q6fMn5JwkgtuwfYtRQYI3u4V92vI6NJuTsbBQWWh3RZjFsuevyMGQ==",
      "dev": true
    },
    "node_modules/typescript": {
      "version": "4.8.4",
      "dev": true,
      "license": "Apache-2.0",
      "bin": {
        "tsc": "bin/tsc",
        "tsserver": "bin/tsserver"
      },
      "engines": {
        "node": ">=4.2.0"
      }
    }
  },
  "dependencies": {
    "@stenway/reliabletxt": {
      "version": "0.0.2",
      "resolved": "https://registry.npmjs.org/@stenway/reliabletxt/-/reliabletxt-0.0.2.tgz",
      "integrity": "sha512-g8LJMkFSSUnXqAXZ+DgQkZ51kCdwW9rrHK/Lc73OCc2oSUX7WO329JG4PeXM04Czb/k/bvslRxzXqI5ZBNSIng=="
    },
    "@types/node": {
      "version": "18.11.5",
      "resolved": "https://registry.npmjs.org/@types/node/-/node-18.11.5.tgz",
      "integrity": "sha512-3JRwhbjI+cHLAkUorhf8RnqUbFXajvzX4q6fMn5JwkgtuwfYtRQYI3u4V92vI6NJuTsbBQWWh3RZjFsuevyMGQ==",
      "dev": true
    },
    "typescript": {
      "version": "4.8.4",
      "dev": true
    }
  }
}
